// !$*UTF8*$!
{
	archiveVersion = 1;
	classes = {
	};
	objectVersion = 55;
	objects = {

/* Begin PBXBuildFile section */
		22D2D53427EE3746002E53C2 /* ACNH_TriviaApp.swift in Sources */ = {isa = PBXBuildFile; fileRef = 22D2D53327EE3746002E53C2 /* ACNH_TriviaApp.swift */; };
		22D2D53627EE3746002E53C2 /* GameView.swift in Sources */ = {isa = PBXBuildFile; fileRef = 22D2D53527EE3746002E53C2 /* GameView.swift */; };
		22D2D53827EE3748002E53C2 /* Assets.xcassets in Resources */ = {isa = PBXBuildFile; fileRef = 22D2D53727EE3748002E53C2 /* Assets.xcassets */; };
		22D2D53B27EE3748002E53C2 /* Preview Assets.xcassets in Resources */ = {isa = PBXBuildFile; fileRef = 22D2D53A27EE3748002E53C2 /* Preview Assets.xcassets */; };
		37712ECD2801CCC100520E9A /* WelcomeView.swift in Sources */ = {isa = PBXBuildFile; fileRef = 37712ECC2801CCC100520E9A /* WelcomeView.swift */; };
		37712ECF2801D2C900520E9A /* GameColor.swift in Sources */ = {isa = PBXBuildFile; fileRef = 37712ECE2801D2C900520E9A /* GameColor.swift */; };
		37712ED62804559000520E9A /* GameViewModel.swift in Sources */ = {isa = PBXBuildFile; fileRef = 37712ED52804559000520E9A /* GameViewModel.swift */; };
		37712ED828045F3900520E9A /* QuestionView.swift in Sources */ = {isa = PBXBuildFile; fileRef = 37712ED728045F3900520E9A /* QuestionView.swift */; };
		37712EDA28061F4500520E9A /* ScoreView.swift in Sources */ = {isa = PBXBuildFile; fileRef = 37712ED928061F4500520E9A /* ScoreView.swift */; };
		37712EDC2806296E00520E9A /* ScoreViewModel.swift in Sources */ = {isa = PBXBuildFile; fileRef = 37712EDB2806296E00520E9A /* ScoreViewModel.swift */; };
		3797189A27F79E0600508F7A /* Question.swift in Sources */ = {isa = PBXBuildFile; fileRef = 3797189927F79E0600508F7A /* Question.swift */; };
		3797189C27F7A0EB00508F7A /* ChoiceTextView.swift in Sources */ = {isa = PBXBuildFile; fileRef = 3797189B27F7A0EB00508F7A /* ChoiceTextView.swift */; };
		3797189E27FC44C700508F7A /* Game.swift in Sources */ = {isa = PBXBuildFile; fileRef = 3797189D27FC44C700508F7A /* Game.swift */; };
/* End PBXBuildFile section */

/* Begin PBXFileReference section */
		22D2D53027EE3746002E53C2 /* ACNH Trivia.app */ = {isa = PBXFileReference; explicitFileType = wrapper.application; includeInIndex = 0; path = "ACNH Trivia.app"; sourceTree = BUILT_PRODUCTS_DIR; };
		22D2D53327EE3746002E53C2 /* ACNH_TriviaApp.swift */ = {isa = PBXFileReference; lastKnownFileType = sourcecode.swift; path = ACNH_TriviaApp.swift; sourceTree = "<group>"; };
		22D2D53527EE3746002E53C2 /* GameView.swift */ = {isa = PBXFileReference; lastKnownFileType = sourcecode.swift; path = GameView.swift; sourceTree = "<group>"; };
		22D2D53727EE3748002E53C2 /* Assets.xcassets */ = {isa = PBXFileReference; lastKnownFileType = folder.assetcatalog; path = Assets.xcassets; sourceTree = "<group>"; };
		22D2D53A27EE3748002E53C2 /* Preview Assets.xcassets */ = {isa = PBXFileReference; lastKnownFileType = folder.assetcatalog; path = "Preview Assets.xcassets"; sourceTree = "<group>"; };
		37712ECC2801CCC100520E9A /* WelcomeView.swift */ = {isa = PBXFileReference; lastKnownFileType = sourcecode.swift; path = WelcomeView.swift; sourceTree = "<group>"; };
		37712ECE2801D2C900520E9A /* GameColor.swift */ = {isa = PBXFileReference; lastKnownFileType = sourcecode.swift; path = GameColor.swift; sourceTree = "<group>"; };
		37712ED52804559000520E9A /* GameViewModel.swift */ = {isa = PBXFileReference; lastKnownFileType = sourcecode.swift; path = GameViewModel.swift; sourceTree = "<group>"; };
		37712ED728045F3900520E9A /* QuestionView.swift */ = {isa = PBXFileReference; lastKnownFileType = sourcecode.swift; path = QuestionView.swift; sourceTree = "<group>"; };
		37712ED928061F4500520E9A /* ScoreView.swift */ = {isa = PBXFileReference; lastKnownFileType = sourcecode.swift; path = ScoreView.swift; sourceTree = "<group>"; };
		37712EDB2806296E00520E9A /* ScoreViewModel.swift */ = {isa = PBXFileReference; lastKnownFileType = sourcecode.swift; path = ScoreViewModel.swift; sourceTree = "<group>"; };
		3797189927F79E0600508F7A /* Question.swift */ = {isa = PBXFileReference; lastKnownFileType = sourcecode.swift; path = Question.swift; sourceTree = "<group>"; };
		3797189B27F7A0EB00508F7A /* ChoiceTextView.swift */ = {isa = PBXFileReference; lastKnownFileType = sourcecode.swift; path = ChoiceTextView.swift; sourceTree = "<group>"; };
		3797189D27FC44C700508F7A /* Game.swift */ = {isa = PBXFileReference; lastKnownFileType = sourcecode.swift; path = Game.swift; sourceTree = "<group>"; };
/* End PBXFileReference section */

/* Begin PBXFrameworksBuildPhase section */
		22D2D52D27EE3746002E53C2 /* Frameworks */ = {
			isa = PBXFrameworksBuildPhase;
			buildActionMask = 2147483647;
			files = (
			);
			runOnlyForDeploymentPostprocessing = 0;
		};
/* End PBXFrameworksBuildPhase section */

/* Begin PBXGroup section */
		22D2D52727EE3746002E53C2 = {
			isa = PBXGroup;
			children = (
				22D2D53227EE3746002E53C2 /* ACNH Trivia */,
				22D2D53127EE3746002E53C2 /* Products */,
			);
			sourceTree = "<group>";
		};
		22D2D53127EE3746002E53C2 /* Products */ = {
			isa = PBXGroup;
			children = (
				22D2D53027EE3746002E53C2 /* ACNH Trivia.app */,
			);
			name = Products;
			sourceTree = "<group>";
		};
		22D2D53227EE3746002E53C2 /* ACNH Trivia */ = {
			isa = PBXGroup;
			children = (
				37712ED0280388CA00520E9A /* ViewModel */,
				379718A027FC453D00508F7A /* Views */,
				3797189F27FC450D00508F7A /* Models */,
				22D2D53327EE3746002E53C2 /* ACNH_TriviaApp.swift */,
				22D2D53727EE3748002E53C2 /* Assets.xcassets */,
				22D2D53927EE3748002E53C2 /* Preview Content */,
			);
			path = "ACNH Trivia";
			sourceTree = "<group>";
		};
		22D2D53927EE3748002E53C2 /* Preview Content */ = {
			isa = PBXGroup;
			children = (
				22D2D53A27EE3748002E53C2 /* Preview Assets.xcassets */,
			);
			path = "Preview Content";
			sourceTree = "<group>";
		};
		37712ED0280388CA00520E9A /* ViewModel */ = {
			isa = PBXGroup;
			children = (
				37712ED52804559000520E9A /* GameViewModel.swift */,
				37712EDB2806296E00520E9A /* ScoreViewModel.swift */,
			);
			path = ViewModel;
			sourceTree = "<group>";
		};
		3797189F27FC450D00508F7A /* Models */ = {
			isa = PBXGroup;
			children = (
				3797189927F79E0600508F7A /* Question.swift */,
				3797189D27FC44C700508F7A /* Game.swift */,
			);
			path = Models;
			sourceTree = "<group>";
		};
		379718A027FC453D00508F7A /* Views */ = {
			isa = PBXGroup;
			children = (
				22D2D53527EE3746002E53C2 /* GameView.swift */,
				3797189B27F7A0EB00508F7A /* ChoiceTextView.swift */,
				37712ECC2801CCC100520E9A /* WelcomeView.swift */,
				37712ECE2801D2C900520E9A /* GameColor.swift */,
				37712ED728045F3900520E9A /* QuestionView.swift */,
				37712ED928061F4500520E9A /* ScoreView.swift */,
			);
			path = Views;
			sourceTree = "<group>";
		};
/* End PBXGroup section */

/* Begin PBXNativeTarget section */
		22D2D52F27EE3746002E53C2 /* ACNH Trivia */ = {
			isa = PBXNativeTarget;
			buildConfigurationList = 22D2D53E27EE3748002E53C2 /* Build configuration list for PBXNativeTarget "ACNH Trivia" */;
			buildPhases = (
				22D2D52C27EE3746002E53C2 /* Sources */,
				22D2D52D27EE3746002E53C2 /* Frameworks */,
				22D2D52E27EE3746002E53C2 /* Resources */,
			);
			buildRules = (
			);
			dependencies = (
			);
			name = "ACNH Trivia";
			productName = "ACNH Trivia";
			productReference = 22D2D53027EE3746002E53C2 /* ACNH Trivia.app */;
			productType = "com.apple.product-type.application";
		};
/* End PBXNativeTarget section */

/* Begin PBXProject section */
		22D2D52827EE3746002E53C2 /* Project object */ = {
			isa = PBXProject;
			attributes = {
				BuildIndependentTargetsInParallel = 1;
				LastSwiftUpdateCheck = 1330;
				LastUpgradeCheck = 1330;
				TargetAttributes = {
					22D2D52F27EE3746002E53C2 = {
						CreatedOnToolsVersion = 13.3;
					};
				};
			};
			buildConfigurationList = 22D2D52B27EE3746002E53C2 /* Build configuration list for PBXProject "Animal Crossing Trivia" */;
			compatibilityVersion = "Xcode 13.0";
			developmentRegion = en;
			hasScannedForEncodings = 0;
			knownRegions = (
				en,
				Base,
			);
			mainGroup = 22D2D52727EE3746002E53C2;
			productRefGroup = 22D2D53127EE3746002E53C2 /* Products */;
			projectDirPath = "";
			projectRoot = "";
			targets = (
				22D2D52F27EE3746002E53C2 /* ACNH Trivia */,
			);
		};
/* End PBXProject section */

/* Begin PBXResourcesBuildPhase section */
		22D2D52E27EE3746002E53C2 /* Resources */ = {
			isa = PBXResourcesBuildPhase;
			buildActionMask = 2147483647;
			files = (
				22D2D53B27EE3748002E53C2 /* Preview Assets.xcassets in Resources */,
				22D2D53827EE3748002E53C2 /* Assets.xcassets in Resources */,
			);
			runOnlyForDeploymentPostprocessing = 0;
		};
/* End PBXResourcesBuildPhase section */

/* Begin PBXSourcesBuildPhase section */
		22D2D52C27EE3746002E53C2 /* Sources */ = {
			isa = PBXSourcesBuildPhase;
			buildActionMask = 2147483647;
			files = (
				37712EDC2806296E00520E9A /* ScoreViewModel.swift in Sources */,
				3797189A27F79E0600508F7A /* Question.swift in Sources */,
				37712ECD2801CCC100520E9A /* WelcomeView.swift in Sources */,
				3797189E27FC44C700508F7A /* Game.swift in Sources */,
				22D2D53627EE3746002E53C2 /* GameView.swift in Sources */,
				37712ED62804559000520E9A /* GameViewModel.swift in Sources */,
				37712ECF2801D2C900520E9A /* GameColor.swift in Sources */,
				3797189C27F7A0EB00508F7A /* ChoiceTextView.swift in Sources */,
				37712ED828045F3900520E9A /* QuestionView.swift in Sources */,
				22D2D53427EE3746002E53C2 /* ACNH_TriviaApp.swift in Sources */,
				37712EDA28061F4500520E9A /* ScoreView.swift in Sources */,
			);
			runOnlyForDeploymentPostprocessing = 0;
		};
/* End PBXSourcesBuildPhase section */

/* Begin XCBuildConfiguration section */
		22D2D53C27EE3748002E53C2 /* Debug */ = {
			isa = XCBuildConfiguration;
			buildSettings = {
				ALWAYS_SEARCH_USER_PATHS = NO;
				CLANG_ANALYZER_NONNULL = YES;
				CLANG_ANALYZER_NUMBER_OBJECT_CONVERSION = YES_AGGRESSIVE;
				CLANG_CXX_LANGUAGE_STANDARD = "gnu++17";
				CLANG_ENABLE_MODULES = YES;
				CLANG_ENABLE_OBJC_ARC = YES;
				CLANG_ENABLE_OBJC_WEAK = YES;
				CLANG_WARN_BLOCK_CAPTURE_AUTORELEASING = YES;
				CLANG_WARN_BOOL_CONVERSION = YES;
				CLANG_WARN_COMMA = YES;
				CLANG_WARN_CONSTANT_CONVERSION = YES;
				CLANG_WARN_DEPRECATED_OBJC_IMPLEMENTATIONS = YES;
				CLANG_WARN_DIRECT_OBJC_ISA_USAGE = YES_ERROR;
				CLANG_WARN_DOCUMENTATION_COMMENTS = YES;
				CLANG_WARN_EMPTY_BODY = YES;
				CLANG_WARN_ENUM_CONVERSION = YES;
				CLANG_WARN_INFINITE_RECURSION = YES;
				CLANG_WARN_INT_CONVERSION = YES;
				CLANG_WARN_NON_LITERAL_NULL_CONVERSION = YES;
				CLANG_WARN_OBJC_IMPLICIT_RETAIN_SELF = YES;
				CLANG_WARN_OBJC_LITERAL_CONVERSION = YES;
				CLANG_WARN_OBJC_ROOT_CLASS = YES_ERROR;
				CLANG_WARN_QUOTED_INCLUDE_IN_FRAMEWORK_HEADER = YES;
				CLANG_WARN_RANGE_LOOP_ANALYSIS = YES;
				CLANG_WARN_STRICT_PROTOTYPES = YES;
				CLANG_WARN_SUSPICIOUS_MOVE = YES;
				CLANG_WARN_UNGUARDED_AVAILABILITY = YES_AGGRESSIVE;
				CLANG_WARN_UNREACHABLE_CODE = YES;
				CLANG_WARN__DUPLICATE_METHOD_MATCH = YES;
				COPY_PHASE_STRIP = NO;
				DEBUG_INFORMATION_FORMAT = dwarf;
				ENABLE_STRICT_OBJC_MSGSEND = YES;
				ENABLE_TESTABILITY = YES;
				GCC_C_LANGUAGE_STANDARD = gnu11;
				GCC_DYNAMIC_NO_PIC = NO;
				GCC_NO_COMMON_BLOCKS = YES;
				GCC_OPTIMIZATION_LEVEL = 0;
				GCC_PREPROCESSOR_DEFINITIONS = (
					"DEBUG=1",
					"$(inherited)",
				);
				GCC_WARN_64_TO_32_BIT_CONVERSION = YES;
				GCC_WARN_ABOUT_RETURN_TYPE = YES_ERROR;
				GCC_WARN_UNDECLARED_SELECTOR = YES;
				GCC_WARN_UNINITIALIZED_AUTOS = YES_AGGRESSIVE;
				GCC_WARN_UNUSED_FUNCTION = YES;
				GCC_WARN_UNUSED_VARIABLE = YES;
				IPHONEOS_DEPLOYMENT_TARGET = 15.4;
				MTL_ENABLE_DEBUG_INFO = INCLUDE_SOURCE;
				MTL_FAST_MATH = YES;
				ONLY_ACTIVE_ARCH = YES;
				SDKROOT = iphoneos;
				SWIFT_ACTIVE_COMPILATION_CONDITIONS = DEBUG;
				SWIFT_OPTIMIZATION_LEVEL = "-Onone";
			};
			name = Debug;
		};
		22D2D53D27EE3748002E53C2 /* Release */ = {
			isa = XCBuildConfiguration;
			buildSettings = {
				ALWAYS_SEARCH_USER_PATHS = NO;
				CLANG_ANALYZER_NONNULL = YES;
				CLANG_ANALYZER_NUMBER_OBJECT_CONVERSION = YES_AGGRESSIVE;
				CLANG_CXX_LANGUAGE_STANDARD = "gnu++17";
				CLANG_ENABLE_MODULES = YES;
				CLANG_ENABLE_OBJC_ARC = YES;
				CLANG_ENABLE_OBJC_WEAK = YES;
				CLANG_WARN_BLOCK_CAPTURE_AUTORELEASING = YES;
				CLANG_WARN_BOOL_CONVERSION = YES;
				CLANG_WARN_COMMA = YES;
				CLANG_WARN_CONSTANT_CONVERSION = YES;
				CLANG_WARN_DEPRECATED_OBJC_IMPLEMENTATIONS = YES;
				CLANG_WARN_DIRECT_OBJC_ISA_USAGE = YES_ERROR;
				CLANG_WARN_DOCUMENTATION_COMMENTS = YES;
				CLANG_WARN_EMPTY_BODY = YES;
				CLANG_WARN_ENUM_CONVERSION = YES;
				CLANG_WARN_INFINITE_RECURSION = YES;
				CLANG_WARN_INT_CONVERSION = YES;
				CLANG_WARN_NON_LITERAL_NULL_CONVERSION = YES;
				CLANG_WARN_OBJC_IMPLICIT_RETAIN_SELF = YES;
				CLANG_WARN_OBJC_LITERAL_CONVERSION = YES;
				CLANG_WARN_OBJC_ROOT_CLASS = YES_ERROR;
				CLANG_WARN_QUOTED_INCLUDE_IN_FRAMEWORK_HEADER = YES;
				CLANG_WARN_RANGE_LOOP_ANALYSIS = YES;
				CLANG_WARN_STRICT_PROTOTYPES = YES;
				CLANG_WARN_SUSPICIOUS_MOVE = YES;
				CLANG_WARN_UNGUARDED_AVAILABILITY = YES_AGGRESSIVE;
				CLANG_WARN_UNREACHABLE_CODE = YES;
				CLANG_WARN__DUPLICATE_METHOD_MATCH = YES;
				COPY_PHASE_STRIP = NO;
				DEBUG_INFORMATION_FORMAT = "dwarf-with-dsym";
				ENABLE_NS_ASSERTIONS = NO;
				ENABLE_STRICT_OBJC_MSGSEND = YES;
				GCC_C_LANGUAGE_STANDARD = gnu11;
				GCC_NO_COMMON_BLOCKS = YES;
				GCC_WARN_64_TO_32_BIT_CONVERSION = YES;
				GCC_WARN_ABOUT_RETURN_TYPE = YES_ERROR;
				GCC_WARN_UNDECLARED_SELECTOR = YES;
				GCC_WARN_UNINITIALIZED_AUTOS = YES_AGGRESSIVE;
				GCC_WARN_UNUSED_FUNCTION = YES;
				GCC_WARN_UNUSED_VARIABLE = YES;
				IPHONEOS_DEPLOYMENT_TARGET = 15.4;
				MTL_ENABLE_DEBUG_INFO = NO;
				MTL_FAST_MATH = YES;
				SDKROOT = iphoneos;
				SWIFT_COMPILATION_MODE = wholemodule;
				SWIFT_OPTIMIZATION_LEVEL = "-O";
				VALIDATE_PRODUCT = YES;
			};
			name = Release;
		};
		22D2D53F27EE3748002E53C2 /* Debug */ = {
			isa = XCBuildConfiguration;
			buildSettings = {
				ASSETCATALOG_COMPILER_APPICON_NAME = AppIcon;
				ASSETCATALOG_COMPILER_GLOBAL_ACCENT_COLOR_NAME = AccentColor;
				CODE_SIGN_STYLE = Automatic;
				CURRENT_PROJECT_VERSION = 1;
				DEVELOPMENT_ASSET_PATHS = "\"ACNH Trivia/Preview Content\"";
				ENABLE_PREVIEWS = YES;
				GENERATE_INFOPLIST_FILE = YES;
				INFOPLIST_KEY_UIApplicationSceneManifest_Generation = YES;
				INFOPLIST_KEY_UIApplicationSupportsIndirectInputEvents = YES;
				INFOPLIST_KEY_UILaunchScreen_Generation = YES;
				INFOPLIST_KEY_UISupportedInterfaceOrientations_iPad = "UIInterfaceOrientationPortrait UIInterfaceOrientationPortraitUpsideDown UIInterfaceOrientationLandscapeLeft UIInterfaceOrientationLandscapeRight";
				INFOPLIST_KEY_UISupportedInterfaceOrientations_iPhone = "UIInterfaceOrientationPortrait UIInterfaceOrientationLandscapeLeft UIInterfaceOrientationLandscapeRight";
				LD_RUNPATH_SEARCH_PATHS = (
					"$(inherited)",
					"@executable_path/Frameworks",
				);
				MARKETING_VERSION = 1.0;
				PRODUCT_BUNDLE_IDENTIFIER = "com.saramutina.Animal-Crossing-Trivia";
				PRODUCT_NAME = "ACNH Trivia";
				SWIFT_EMIT_LOC_STRINGS = YES;
				SWIFT_VERSION = 5.0;
				TARGETED_DEVICE_FAMILY = "1,2";
			};
			name = Debug;
		};
		22D2D54027EE3748002E53C2 /* Release */ = {
			isa = XCBuildConfiguration;
			buildSettings = {
				ASSETCATALOG_COMPILER_APPICON_NAME = AppIcon;
				ASSETCATALOG_COMPILER_GLOBAL_ACCENT_COLOR_NAME = AccentColor;
				CODE_SIGN_STYLE = Automatic;
				CURRENT_PROJECT_VERSION = 1;
				DEVELOPMENT_ASSET_PATHS = "\"ACNH Trivia/Preview Content\"";
				ENABLE_PREVIEWS = YES;
				GENERATE_INFOPLIST_FILE = YES;
				INFOPLIST_KEY_UIApplicationSceneManifest_Generation = YES;
				INFOPLIST_KEY_UIApplicationSupportsIndirectInputEvents = YES;
				INFOPLIST_KEY_UILaunchScreen_Generation = YES;
				INFOPLIST_KEY_UISupportedInterfaceOrientations_iPad = "UIInterfaceOrientationPortrait UIInterfaceOrientationPortraitUpsideDown UIInterfaceOrientationLandscapeLeft UIInterfaceOrientationLandscapeRight";
				INFOPLIST_KEY_UISupportedInterfaceOrientations_iPhone = "UIInterfaceOrientationPortrait UIInterfaceOrientationLandscapeLeft UIInterfaceOrientationLandscapeRight";
				LD_RUNPATH_SEARCH_PATHS = (
					"$(inherited)",
					"@executable_path/Frameworks",
				);
				MARKETING_VERSION = 1.0;
				PRODUCT_BUNDLE_IDENTIFIER = "com.saramutina.Animal-Crossing-Trivia";
				PRODUCT_NAME = "ACNH Trivia";
				SWIFT_EMIT_LOC_STRINGS = YES;
				SWIFT_VERSION = 5.0;
				TARGETED_DEVICE_FAMILY = "1,2";
			};
			name = Release;
		};
/* End XCBuildConfiguration section */

/* Begin XCConfigurationList section */
		22D2D52B27EE3746002E53C2 /* Build configuration list for PBXProject "Animal Crossing Trivia" */ = {
			isa = XCConfigurationList;
			buildConfigurations = (
				22D2D53C27EE3748002E53C2 /* Debug */,
				22D2D53D27EE3748002E53C2 /* Release */,
			);
			defaultConfigurationIsVisible = 0;
			defaultConfigurationName = Release;
		};
		22D2D53E27EE3748002E53C2 /* Build configuration list for PBXNativeTarget "ACNH Trivia" */ = {
			isa = XCConfigurationList;
			buildConfigurations = (
				22D2D53F27EE3748002E53C2 /* Debug */,
				22D2D54027EE3748002E53C2 /* Release */,
			);
			defaultConfigurationIsVisible = 0;
			defaultConfigurationName = Release;
		};
/* End XCConfigurationList section */
	};
	rootObject = 22D2D52827EE3746002E53C2 /* Project object */;
}
